// !$*UTF8*$!
{
	archiveVersion = 1;
	classes = {
	};
	objectVersion = 55;
	objects = {

/* Begin PBXBuildFile section */
		FD1F653D2986737600BB4F9C /* Assets.xcassets in Resources */ = {isa = PBXBuildFile; fileRef = FD1F653C2986737600BB4F9C /* Assets.xcassets */; };
		FD1F65402986737600BB4F9C /* LaunchScreen.storyboard in Resources */ = {isa = PBXBuildFile; fileRef = FD1F653E2986737600BB4F9C /* LaunchScreen.storyboard */; };
		FD1F6549298673A000BB4F9C /* SceneDelegate.swift in Sources */ = {isa = PBXBuildFile; fileRef = FD1F6547298673A000BB4F9C /* SceneDelegate.swift */; };
		FD1F654A298673A000BB4F9C /* AppDelegate.swift in Sources */ = {isa = PBXBuildFile; fileRef = FD1F6548298673A000BB4F9C /* AppDelegate.swift */; };
		FD1F6567298673AE00BB4F9C /* SectionRow.swift in Sources */ = {isa = PBXBuildFile; fileRef = FD1F654C298673AD00BB4F9C /* SectionRow.swift */; };
		FD1F6568298673AE00BB4F9C /* CharacterInfo.swift in Sources */ = {isa = PBXBuildFile; fileRef = FD1F654D298673AD00BB4F9C /* CharacterInfo.swift */; };
		FD1F6569298673AE00BB4F9C /* Character.swift in Sources */ = {isa = PBXBuildFile; fileRef = FD1F654E298673AD00BB4F9C /* Character.swift */; };
		FD1F656A298673AE00BB4F9C /* Episode.swift in Sources */ = {isa = PBXBuildFile; fileRef = FD1F654F298673AD00BB4F9C /* Episode.swift */; };
		FD1F656B298673AE00BB4F9C /* EpisodeInfo.swift in Sources */ = {isa = PBXBuildFile; fileRef = FD1F6550298673AD00BB4F9C /* EpisodeInfo.swift */; };
		FD1F656C298673AE00BB4F9C /* UIView+Extensions.swift in Sources */ = {isa = PBXBuildFile; fileRef = FD1F6552298673AD00BB4F9C /* UIView+Extensions.swift */; };
		FD1F656D298673AE00BB4F9C /* UITableView+Extensions.swift in Sources */ = {isa = PBXBuildFile; fileRef = FD1F6553298673AD00BB4F9C /* UITableView+Extensions.swift */; };
		FD1F656E298673AE00BB4F9C /* UICollectionView+Extensions.swift in Sources */ = {isa = PBXBuildFile; fileRef = FD1F6554298673AD00BB4F9C /* UICollectionView+Extensions.swift */; };
		FD1F656F298673AE00BB4F9C /* Array+Extension.swift in Sources */ = {isa = PBXBuildFile; fileRef = FD1F6555298673AD00BB4F9C /* Array+Extension.swift */; };
		FD1F6570298673AE00BB4F9C /* CustomErrors.swift in Sources */ = {isa = PBXBuildFile; fileRef = FD1F6557298673AD00BB4F9C /* CustomErrors.swift */; };
		FD1F6571298673AE00BB4F9C /* NetworkService.swift in Sources */ = {isa = PBXBuildFile; fileRef = FD1F6558298673AD00BB4F9C /* NetworkService.swift */; };
		FD1F6572298673AE00BB4F9C /* EpisodeInfoCell.swift in Sources */ = {isa = PBXBuildFile; fileRef = FD1F655B298673AE00BB4F9C /* EpisodeInfoCell.swift */; };
		FD1F6573298673AE00BB4F9C /* EpisodeInfoTableViewController.swift in Sources */ = {isa = PBXBuildFile; fileRef = FD1F655C298673AE00BB4F9C /* EpisodeInfoTableViewController.swift */; };
		FD1F6574298673AE00BB4F9C /* CharacterInfoCell.swift in Sources */ = {isa = PBXBuildFile; fileRef = FD1F655E298673AE00BB4F9C /* CharacterInfoCell.swift */; };
		FD1F6575298673AE00BB4F9C /* CharacterInfoViewController.swift in Sources */ = {isa = PBXBuildFile; fileRef = FD1F655F298673AE00BB4F9C /* CharacterInfoViewController.swift */; };
		FD1F6576298673AE00BB4F9C /* CharacterCell.swift in Sources */ = {isa = PBXBuildFile; fileRef = FD1F6561298673AE00BB4F9C /* CharacterCell.swift */; };
		FD1F6577298673AE00BB4F9C /* CharactersCollectionViewController.swift in Sources */ = {isa = PBXBuildFile; fileRef = FD1F6562298673AE00BB4F9C /* CharactersCollectionViewController.swift */; };
		FD1F6578298673AE00BB4F9C /* MainTabBarController.swift in Sources */ = {isa = PBXBuildFile; fileRef = FD1F6563298673AE00BB4F9C /* MainTabBarController.swift */; };
		FD1F6579298673AE00BB4F9C /* EpisodeCell.swift in Sources */ = {isa = PBXBuildFile; fileRef = FD1F6565298673AE00BB4F9C /* EpisodeCell.swift */; };
		FD1F657A298673AE00BB4F9C /* EpisodesTableViewController.swift in Sources */ = {isa = PBXBuildFile; fileRef = FD1F6566298673AE00BB4F9C /* EpisodesTableViewController.swift */; };
		FD1F657E2986740D00BB4F9C /* Kingfisher in Frameworks */ = {isa = PBXBuildFile; productRef = FD1F657D2986740D00BB4F9C /* Kingfisher */; };
/* End PBXBuildFile section */

/* Begin PBXFileReference section */
		FD1F65302986737500BB4F9C /* RickAndMorty.app */ = {isa = PBXFileReference; explicitFileType = wrapper.application; includeInIndex = 0; path = RickAndMorty.app; sourceTree = BUILT_PRODUCTS_DIR; };
		FD1F653C2986737600BB4F9C /* Assets.xcassets */ = {isa = PBXFileReference; lastKnownFileType = folder.assetcatalog; path = Assets.xcassets; sourceTree = "<group>"; };
		FD1F653F2986737600BB4F9C /* Base */ = {isa = PBXFileReference; lastKnownFileType = file.storyboard; name = Base; path = Base.lproj/LaunchScreen.storyboard; sourceTree = "<group>"; };
		FD1F65412986737600BB4F9C /* Info.plist */ = {isa = PBXFileReference; lastKnownFileType = text.plist.xml; path = Info.plist; sourceTree = "<group>"; };
		FD1F6547298673A000BB4F9C /* SceneDelegate.swift */ = {isa = PBXFileReference; fileEncoding = 4; lastKnownFileType = sourcecode.swift; path = SceneDelegate.swift; sourceTree = "<group>"; };
		FD1F6548298673A000BB4F9C /* AppDelegate.swift */ = {isa = PBXFileReference; fileEncoding = 4; lastKnownFileType = sourcecode.swift; path = AppDelegate.swift; sourceTree = "<group>"; };
		FD1F654C298673AD00BB4F9C /* SectionRow.swift */ = {isa = PBXFileReference; fileEncoding = 4; lastKnownFileType = sourcecode.swift; path = SectionRow.swift; sourceTree = "<group>"; };
		FD1F654D298673AD00BB4F9C /* CharacterInfo.swift */ = {isa = PBXFileReference; fileEncoding = 4; lastKnownFileType = sourcecode.swift; path = CharacterInfo.swift; sourceTree = "<group>"; };
		FD1F654E298673AD00BB4F9C /* Character.swift */ = {isa = PBXFileReference; fileEncoding = 4; lastKnownFileType = sourcecode.swift; path = Character.swift; sourceTree = "<group>"; };
		FD1F654F298673AD00BB4F9C /* Episode.swift */ = {isa = PBXFileReference; fileEncoding = 4; lastKnownFileType = sourcecode.swift; path = Episode.swift; sourceTree = "<group>"; };
		FD1F6550298673AD00BB4F9C /* EpisodeInfo.swift */ = {isa = PBXFileReference; fileEncoding = 4; lastKnownFileType = sourcecode.swift; path = EpisodeInfo.swift; sourceTree = "<group>"; };
		FD1F6552298673AD00BB4F9C /* UIView+Extensions.swift */ = {isa = PBXFileReference; fileEncoding = 4; lastKnownFileType = sourcecode.swift; path = "UIView+Extensions.swift"; sourceTree = "<group>"; };
		FD1F6553298673AD00BB4F9C /* UITableView+Extensions.swift */ = {isa = PBXFileReference; fileEncoding = 4; lastKnownFileType = sourcecode.swift; path = "UITableView+Extensions.swift"; sourceTree = "<group>"; };
		FD1F6554298673AD00BB4F9C /* UICollectionView+Extensions.swift */ = {isa = PBXFileReference; fileEncoding = 4; lastKnownFileType = sourcecode.swift; path = "UICollectionView+Extensions.swift"; sourceTree = "<group>"; };
		FD1F6555298673AD00BB4F9C /* Array+Extension.swift */ = {isa = PBXFileReference; fileEncoding = 4; lastKnownFileType = sourcecode.swift; path = "Array+Extension.swift"; sourceTree = "<group>"; };
		FD1F6557298673AD00BB4F9C /* CustomErrors.swift */ = {isa = PBXFileReference; fileEncoding = 4; lastKnownFileType = sourcecode.swift; path = CustomErrors.swift; sourceTree = "<group>"; };
		FD1F6558298673AD00BB4F9C /* NetworkService.swift */ = {isa = PBXFileReference; fileEncoding = 4; lastKnownFileType = sourcecode.swift; path = NetworkService.swift; sourceTree = "<group>"; };
		FD1F655B298673AE00BB4F9C /* EpisodeInfoCell.swift */ = {isa = PBXFileReference; fileEncoding = 4; lastKnownFileType = sourcecode.swift; path = EpisodeInfoCell.swift; sourceTree = "<group>"; };
		FD1F655C298673AE00BB4F9C /* EpisodeInfoTableViewController.swift */ = {isa = PBXFileReference; fileEncoding = 4; lastKnownFileType = sourcecode.swift; path = EpisodeInfoTableViewController.swift; sourceTree = "<group>"; };
		FD1F655E298673AE00BB4F9C /* CharacterInfoCell.swift */ = {isa = PBXFileReference; fileEncoding = 4; lastKnownFileType = sourcecode.swift; path = CharacterInfoCell.swift; sourceTree = "<group>"; };
		FD1F655F298673AE00BB4F9C /* CharacterInfoViewController.swift */ = {isa = PBXFileReference; fileEncoding = 4; lastKnownFileType = sourcecode.swift; path = CharacterInfoViewController.swift; sourceTree = "<group>"; };
		FD1F6561298673AE00BB4F9C /* CharacterCell.swift */ = {isa = PBXFileReference; fileEncoding = 4; lastKnownFileType = sourcecode.swift; path = CharacterCell.swift; sourceTree = "<group>"; };
		FD1F6562298673AE00BB4F9C /* CharactersCollectionViewController.swift */ = {isa = PBXFileReference; fileEncoding = 4; lastKnownFileType = sourcecode.swift; path = CharactersCollectionViewController.swift; sourceTree = "<group>"; };
		FD1F6563298673AE00BB4F9C /* MainTabBarController.swift */ = {isa = PBXFileReference; fileEncoding = 4; lastKnownFileType = sourcecode.swift; path = MainTabBarController.swift; sourceTree = "<group>"; };
		FD1F6565298673AE00BB4F9C /* EpisodeCell.swift */ = {isa = PBXFileReference; fileEncoding = 4; lastKnownFileType = sourcecode.swift; path = EpisodeCell.swift; sourceTree = "<group>"; };
		FD1F6566298673AE00BB4F9C /* EpisodesTableViewController.swift */ = {isa = PBXFileReference; fileEncoding = 4; lastKnownFileType = sourcecode.swift; path = EpisodesTableViewController.swift; sourceTree = "<group>"; };
/* End PBXFileReference section */

/* Begin PBXFrameworksBuildPhase section */
		FD1F652D2986737500BB4F9C /* Frameworks */ = {
			isa = PBXFrameworksBuildPhase;
			buildActionMask = 2147483647;
			files = (
				FD1F657E2986740D00BB4F9C /* Kingfisher in Frameworks */,
			);
			runOnlyForDeploymentPostprocessing = 0;
		};
/* End PBXFrameworksBuildPhase section */

/* Begin PBXGroup section */
		FD1F65272986737500BB4F9C = {
			isa = PBXGroup;
			children = (
				FD1F65322986737500BB4F9C /* RickAndMorty */,
				FD1F65312986737500BB4F9C /* Products */,
			);
			sourceTree = "<group>";
		};
		FD1F65312986737500BB4F9C /* Products */ = {
			isa = PBXGroup;
			children = (
				FD1F65302986737500BB4F9C /* RickAndMorty.app */,
			);
			name = Products;
			sourceTree = "<group>";
		};
		FD1F65322986737500BB4F9C /* RickAndMorty */ = {
			isa = PBXGroup;
			children = (
				FD1F6551298673AD00BB4F9C /* Extensions */,
				FD1F654B298673AD00BB4F9C /* Models */,
				FD1F6556298673AD00BB4F9C /* Network */,
				FD1F6559298673AE00BB4F9C /* Screens */,
				FD1F6548298673A000BB4F9C /* AppDelegate.swift */,
				FD1F6547298673A000BB4F9C /* SceneDelegate.swift */,
				FD1F657B298673C500BB4F9C /* SupportingFiles */,
			);
			path = RickAndMorty;
			sourceTree = "<group>";
		};
		FD1F654B298673AD00BB4F9C /* Models */ = {
			isa = PBXGroup;
			children = (
				FD1F654C298673AD00BB4F9C /* SectionRow.swift */,
				FD1F654D298673AD00BB4F9C /* CharacterInfo.swift */,
				FD1F654E298673AD00BB4F9C /* Character.swift */,
				FD1F654F298673AD00BB4F9C /* Episode.swift */,
				FD1F6550298673AD00BB4F9C /* EpisodeInfo.swift */,
			);
			path = Models;
			sourceTree = "<group>";
		};
		FD1F6551298673AD00BB4F9C /* Extensions */ = {
			isa = PBXGroup;
			children = (
				FD1F6552298673AD00BB4F9C /* UIView+Extensions.swift */,
				FD1F6553298673AD00BB4F9C /* UITableView+Extensions.swift */,
				FD1F6554298673AD00BB4F9C /* UICollectionView+Extensions.swift */,
				FD1F6555298673AD00BB4F9C /* Array+Extension.swift */,
			);
			path = Extensions;
			sourceTree = "<group>";
		};
		FD1F6556298673AD00BB4F9C /* Network */ = {
			isa = PBXGroup;
			children = (
				FD1F6557298673AD00BB4F9C /* CustomErrors.swift */,
				FD1F6558298673AD00BB4F9C /* NetworkService.swift */,
			);
			path = Network;
			sourceTree = "<group>";
		};
		FD1F6559298673AE00BB4F9C /* Screens */ = {
			isa = PBXGroup;
			children = (
				FD1F655A298673AE00BB4F9C /* EpisodeInfoView */,
				FD1F655D298673AE00BB4F9C /* CharacterInfoView */,
				FD1F6560298673AE00BB4F9C /* CharactersView */,
				FD1F6563298673AE00BB4F9C /* MainTabBarController.swift */,
				FD1F6564298673AE00BB4F9C /* EpisodesView */,
			);
			path = Screens;
			sourceTree = "<group>";
		};
		FD1F655A298673AE00BB4F9C /* EpisodeInfoView */ = {
			isa = PBXGroup;
			children = (
				FD1F655B298673AE00BB4F9C /* EpisodeInfoCell.swift */,
				FD1F655C298673AE00BB4F9C /* EpisodeInfoTableViewController.swift */,
			);
			path = EpisodeInfoView;
			sourceTree = "<group>";
		};
		FD1F655D298673AE00BB4F9C /* CharacterInfoView */ = {
			isa = PBXGroup;
			children = (
				FD1F655E298673AE00BB4F9C /* CharacterInfoCell.swift */,
				FD1F655F298673AE00BB4F9C /* CharacterInfoViewController.swift */,
			);
			path = CharacterInfoView;
			sourceTree = "<group>";
		};
		FD1F6560298673AE00BB4F9C /* CharactersView */ = {
			isa = PBXGroup;
			children = (
				FD1F6561298673AE00BB4F9C /* CharacterCell.swift */,
				FD1F6562298673AE00BB4F9C /* CharactersCollectionViewController.swift */,
			);
			path = CharactersView;
			sourceTree = "<group>";
		};
		FD1F6564298673AE00BB4F9C /* EpisodesView */ = {
			isa = PBXGroup;
			children = (
				FD1F6565298673AE00BB4F9C /* EpisodeCell.swift */,
				FD1F6566298673AE00BB4F9C /* EpisodesTableViewController.swift */,
			);
			path = EpisodesView;
			sourceTree = "<group>";
		};
		FD1F657B298673C500BB4F9C /* SupportingFiles */ = {
			isa = PBXGroup;
			children = (
				FD1F653C2986737600BB4F9C /* Assets.xcassets */,
				FD1F653E2986737600BB4F9C /* LaunchScreen.storyboard */,
				FD1F65412986737600BB4F9C /* Info.plist */,
			);
			path = SupportingFiles;
			sourceTree = "<group>";
		};
/* End PBXGroup section */

/* Begin PBXNativeTarget section */
		FD1F652F2986737500BB4F9C /* RickAndMorty */ = {
			isa = PBXNativeTarget;
			buildConfigurationList = FD1F65442986737600BB4F9C /* Build configuration list for PBXNativeTarget "RickAndMorty" */;
			buildPhases = (
				FD1F652C2986737500BB4F9C /* Sources */,
				FD1F652D2986737500BB4F9C /* Frameworks */,
				FD1F652E2986737500BB4F9C /* Resources */,
			);
			buildRules = (
			);
			dependencies = (
			);
			name = RickAndMorty;
			packageProductDependencies = (
				FD1F657D2986740D00BB4F9C /* Kingfisher */,
			);
			productName = RickAndMorty;
			productReference = FD1F65302986737500BB4F9C /* RickAndMorty.app */;
			productType = "com.apple.product-type.application";
		};
/* End PBXNativeTarget section */

/* Begin PBXProject section */
		FD1F65282986737500BB4F9C /* Project object */ = {
			isa = PBXProject;
			attributes = {
				BuildIndependentTargetsInParallel = 1;
				LastSwiftUpdateCheck = 1340;
				LastUpgradeCheck = 1340;
				TargetAttributes = {
					FD1F652F2986737500BB4F9C = {
						CreatedOnToolsVersion = 13.4.1;
						LastSwiftMigration = 1340;
					};
				};
			};
			buildConfigurationList = FD1F652B2986737500BB4F9C /* Build configuration list for PBXProject "RickAndMorty" */;
			compatibilityVersion = "Xcode 13.0";
			developmentRegion = en;
			hasScannedForEncodings = 0;
			knownRegions = (
				en,
				Base,
			);
			mainGroup = FD1F65272986737500BB4F9C;
			packageReferences = (
				FD1F657C2986740D00BB4F9C /* XCRemoteSwiftPackageReference "Kingfisher" */,
			);
			productRefGroup = FD1F65312986737500BB4F9C /* Products */;
			projectDirPath = "";
			projectRoot = "";
			targets = (
				FD1F652F2986737500BB4F9C /* RickAndMorty */,
			);
		};
/* End PBXProject section */

/* Begin PBXResourcesBuildPhase section */
		FD1F652E2986737500BB4F9C /* Resources */ = {
			isa = PBXResourcesBuildPhase;
			buildActionMask = 2147483647;
			files = (
				FD1F65402986737600BB4F9C /* LaunchScreen.storyboard in Resources */,
				FD1F653D2986737600BB4F9C /* Assets.xcassets in Resources */,
			);
			runOnlyForDeploymentPostprocessing = 0;
		};
/* End PBXResourcesBuildPhase section */

/* Begin PBXSourcesBuildPhase section */
		FD1F652C2986737500BB4F9C /* Sources */ = {
			isa = PBXSourcesBuildPhase;
			buildActionMask = 2147483647;
			files = (
				FD1F656D298673AE00BB4F9C /* UITableView+Extensions.swift in Sources */,
				FD1F6570298673AE00BB4F9C /* CustomErrors.swift in Sources */,
				FD1F6578298673AE00BB4F9C /* MainTabBarController.swift in Sources */,
				FD1F6567298673AE00BB4F9C /* SectionRow.swift in Sources */,
				FD1F6576298673AE00BB4F9C /* CharacterCell.swift in Sources */,
				FD1F657A298673AE00BB4F9C /* EpisodesTableViewController.swift in Sources */,
				FD1F656E298673AE00BB4F9C /* UICollectionView+Extensions.swift in Sources */,
				FD1F656F298673AE00BB4F9C /* Array+Extension.swift in Sources */,
				FD1F656A298673AE00BB4F9C /* Episode.swift in Sources */,
				FD1F654A298673A000BB4F9C /* AppDelegate.swift in Sources */,
				FD1F6569298673AE00BB4F9C /* Character.swift in Sources */,
				FD1F6573298673AE00BB4F9C /* EpisodeInfoTableViewController.swift in Sources */,
				FD1F6579298673AE00BB4F9C /* EpisodeCell.swift in Sources */,
				FD1F6549298673A000BB4F9C /* SceneDelegate.swift in Sources */,
				FD1F656B298673AE00BB4F9C /* EpisodeInfo.swift in Sources */,
				FD1F6574298673AE00BB4F9C /* CharacterInfoCell.swift in Sources */,
				FD1F6572298673AE00BB4F9C /* EpisodeInfoCell.swift in Sources */,
				FD1F656C298673AE00BB4F9C /* UIView+Extensions.swift in Sources */,
				FD1F6577298673AE00BB4F9C /* CharactersCollectionViewController.swift in Sources */,
				FD1F6575298673AE00BB4F9C /* CharacterInfoViewController.swift in Sources */,
				FD1F6571298673AE00BB4F9C /* NetworkService.swift in Sources */,
				FD1F6568298673AE00BB4F9C /* CharacterInfo.swift in Sources */,
			);
			runOnlyForDeploymentPostprocessing = 0;
		};
/* End PBXSourcesBuildPhase section */

/* Begin PBXVariantGroup section */
		FD1F653E2986737600BB4F9C /* LaunchScreen.storyboard */ = {
			isa = PBXVariantGroup;
			children = (
				FD1F653F2986737600BB4F9C /* Base */,
			);
			name = LaunchScreen.storyboard;
			sourceTree = "<group>";
		};
/* End PBXVariantGroup section */

/* Begin XCBuildConfiguration section */
		FD1F65422986737600BB4F9C /* Debug */ = {
			isa = XCBuildConfiguration;
			buildSettings = {
				ALWAYS_SEARCH_USER_PATHS = NO;
				CLANG_ANALYZER_NONNULL = YES;
				CLANG_ANALYZER_NUMBER_OBJECT_CONVERSION = YES_AGGRESSIVE;
				CLANG_CXX_LANGUAGE_STANDARD = "gnu++17";
				CLANG_ENABLE_MODULES = YES;
				CLANG_ENABLE_OBJC_ARC = YES;
				CLANG_ENABLE_OBJC_WEAK = YES;
				CLANG_WARN_BLOCK_CAPTURE_AUTORELEASING = YES;
				CLANG_WARN_BOOL_CONVERSION = YES;
				CLANG_WARN_COMMA = YES;
				CLANG_WARN_CONSTANT_CONVERSION = YES;
				CLANG_WARN_DEPRECATED_OBJC_IMPLEMENTATIONS = YES;
				CLANG_WARN_DIRECT_OBJC_ISA_USAGE = YES_ERROR;
				CLANG_WARN_DOCUMENTATION_COMMENTS = YES;
				CLANG_WARN_EMPTY_BODY = YES;
				CLANG_WARN_ENUM_CONVERSION = YES;
				CLANG_WARN_INFINITE_RECURSION = YES;
				CLANG_WARN_INT_CONVERSION = YES;
				CLANG_WARN_NON_LITERAL_NULL_CONVERSION = YES;
				CLANG_WARN_OBJC_IMPLICIT_RETAIN_SELF = YES;
				CLANG_WARN_OBJC_LITERAL_CONVERSION = YES;
				CLANG_WARN_OBJC_ROOT_CLASS = YES_ERROR;
				CLANG_WARN_QUOTED_INCLUDE_IN_FRAMEWORK_HEADER = YES;
				CLANG_WARN_RANGE_LOOP_ANALYSIS = YES;
				CLANG_WARN_STRICT_PROTOTYPES = YES;
				CLANG_WARN_SUSPICIOUS_MOVE = YES;
				CLANG_WARN_UNGUARDED_AVAILABILITY = YES_AGGRESSIVE;
				CLANG_WARN_UNREACHABLE_CODE = YES;
				CLANG_WARN__DUPLICATE_METHOD_MATCH = YES;
				COPY_PHASE_STRIP = NO;
				DEBUG_INFORMATION_FORMAT = dwarf;
				ENABLE_STRICT_OBJC_MSGSEND = YES;
				ENABLE_TESTABILITY = YES;
				GCC_C_LANGUAGE_STANDARD = gnu11;
				GCC_DYNAMIC_NO_PIC = NO;
				GCC_NO_COMMON_BLOCKS = YES;
				GCC_OPTIMIZATION_LEVEL = 0;
				GCC_PREPROCESSOR_DEFINITIONS = (
					"DEBUG=1",
					"$(inherited)",
				);
				GCC_WARN_64_TO_32_BIT_CONVERSION = YES;
				GCC_WARN_ABOUT_RETURN_TYPE = YES_ERROR;
				GCC_WARN_UNDECLARED_SELECTOR = YES;
				GCC_WARN_UNINITIALIZED_AUTOS = YES_AGGRESSIVE;
				GCC_WARN_UNUSED_FUNCTION = YES;
				GCC_WARN_UNUSED_VARIABLE = YES;
				IPHONEOS_DEPLOYMENT_TARGET = 15.5;
				MTL_ENABLE_DEBUG_INFO = INCLUDE_SOURCE;
				MTL_FAST_MATH = YES;
				ONLY_ACTIVE_ARCH = YES;
				SDKROOT = iphoneos;
				SWIFT_ACTIVE_COMPILATION_CONDITIONS = DEBUG;
				SWIFT_OPTIMIZATION_LEVEL = "-Onone";
			};
			name = Debug;
		};
		FD1F65432986737600BB4F9C /* Release */ = {
			isa = XCBuildConfiguration;
			buildSettings = {
				ALWAYS_SEARCH_USER_PATHS = NO;
				CLANG_ANALYZER_NONNULL = YES;
				CLANG_ANALYZER_NUMBER_OBJECT_CONVERSION = YES_AGGRESSIVE;
				CLANG_CXX_LANGUAGE_STANDARD = "gnu++17";
				CLANG_ENABLE_MODULES = YES;
				CLANG_ENABLE_OBJC_ARC = YES;
				CLANG_ENABLE_OBJC_WEAK = YES;
				CLANG_WARN_BLOCK_CAPTURE_AUTORELEASING = YES;
				CLANG_WARN_BOOL_CONVERSION = YES;
				CLANG_WARN_COMMA = YES;
				CLANG_WARN_CONSTANT_CONVERSION = YES;
				CLANG_WARN_DEPRECATED_OBJC_IMPLEMENTATIONS = YES;
				CLANG_WARN_DIRECT_OBJC_ISA_USAGE = YES_ERROR;
				CLANG_WARN_DOCUMENTATION_COMMENTS = YES;
				CLANG_WARN_EMPTY_BODY = YES;
				CLANG_WARN_ENUM_CONVERSION = YES;
				CLANG_WARN_INFINITE_RECURSION = YES;
				CLANG_WARN_INT_CONVERSION = YES;
				CLANG_WARN_NON_LITERAL_NULL_CONVERSION = YES;
				CLANG_WARN_OBJC_IMPLICIT_RETAIN_SELF = YES;
				CLANG_WARN_OBJC_LITERAL_CONVERSION = YES;
				CLANG_WARN_OBJC_ROOT_CLASS = YES_ERROR;
				CLANG_WARN_QUOTED_INCLUDE_IN_FRAMEWORK_HEADER = YES;
				CLANG_WARN_RANGE_LOOP_ANALYSIS = YES;
				CLANG_WARN_STRICT_PROTOTYPES = YES;
				CLANG_WARN_SUSPICIOUS_MOVE = YES;
				CLANG_WARN_UNGUARDED_AVAILABILITY = YES_AGGRESSIVE;
				CLANG_WARN_UNREACHABLE_CODE = YES;
				CLANG_WARN__DUPLICATE_METHOD_MATCH = YES;
				COPY_PHASE_STRIP = NO;
				DEBUG_INFORMATION_FORMAT = "dwarf-with-dsym";
				ENABLE_NS_ASSERTIONS = NO;
				ENABLE_STRICT_OBJC_MSGSEND = YES;
				GCC_C_LANGUAGE_STANDARD = gnu11;
				GCC_NO_COMMON_BLOCKS = YES;
				GCC_WARN_64_TO_32_BIT_CONVERSION = YES;
				GCC_WARN_ABOUT_RETURN_TYPE = YES_ERROR;
				GCC_WARN_UNDECLARED_SELECTOR = YES;
				GCC_WARN_UNINITIALIZED_AUTOS = YES_AGGRESSIVE;
				GCC_WARN_UNUSED_FUNCTION = YES;
				GCC_WARN_UNUSED_VARIABLE = YES;
				IPHONEOS_DEPLOYMENT_TARGET = 15.5;
				MTL_ENABLE_DEBUG_INFO = NO;
				MTL_FAST_MATH = YES;
				SDKROOT = iphoneos;
				SWIFT_COMPILATION_MODE = wholemodule;
				SWIFT_OPTIMIZATION_LEVEL = "-O";
				VALIDATE_PRODUCT = YES;
			};
			name = Release;
		};
		FD1F65452986737600BB4F9C /* Debug */ = {
			isa = XCBuildConfiguration;
			buildSettings = {
				ASSETCATALOG_COMPILER_APPICON_NAME = AppIcon;
				ASSETCATALOG_COMPILER_GLOBAL_ACCENT_COLOR_NAME = AccentColor;
				CLANG_ENABLE_MODULES = YES;
				CODE_SIGN_STYLE = Automatic;
				CURRENT_PROJECT_VERSION = 1;
				DEVELOPMENT_TEAM = 9MJX5ZNFU4;
				GENERATE_INFOPLIST_FILE = YES;
				INFOPLIST_FILE = RickAndMorty/SupportingFiles/Info.plist;
				INFOPLIST_KEY_UIApplicationSupportsIndirectInputEvents = YES;
				INFOPLIST_KEY_UILaunchStoryboardName = LaunchScreen;
				INFOPLIST_KEY_UISupportedInterfaceOrientations_iPad = "UIInterfaceOrientationPortrait UIInterfaceOrientationPortraitUpsideDown UIInterfaceOrientationLandscapeLeft UIInterfaceOrientationLandscapeRight";
				INFOPLIST_KEY_UISupportedInterfaceOrientations_iPhone = "UIInterfaceOrientationPortrait UIInterfaceOrientationLandscapeLeft UIInterfaceOrientationLandscapeRight";
				LD_RUNPATH_SEARCH_PATHS = (
					"$(inherited)",
					"@executable_path/Frameworks",
				);
				MARKETING_VERSION = 1.0;
				PRODUCT_BUNDLE_IDENTIFIER = com.akaev.RickAndMorty;
				PRODUCT_NAME = "$(TARGET_NAME)";
				SWIFT_EMIT_LOC_STRINGS = YES;
				SWIFT_OPTIMIZATION_LEVEL = "-Onone";
				SWIFT_VERSION = 5.0;
				TARGETED_DEVICE_FAMILY = 1;
			};
			name = Debug;
		};
		FD1F65462986737600BB4F9C /* Release */ = {
			isa = XCBuildConfiguration;
			buildSettings = {
				ASSETCATALOG_COMPILER_APPICON_NAME = AppIcon;
				ASSETCATALOG_COMPILER_GLOBAL_ACCENT_COLOR_NAME = AccentColor;
				CLANG_ENABLE_MODULES = YES;
				CODE_SIGN_STYLE = Automatic;
				CURRENT_PROJECT_VERSION = 1;
				DEVELOPMENT_TEAM = 9MJX5ZNFU4;
				GENERATE_INFOPLIST_FILE = YES;
				INFOPLIST_FILE = RickAndMorty/SupportingFiles/Info.plist;
				INFOPLIST_KEY_UIApplicationSupportsIndirectInputEvents = YES;
				INFOPLIST_KEY_UILaunchStoryboardName = LaunchScreen;
				INFOPLIST_KEY_UISupportedInterfaceOrientations_iPad = "UIInterfaceOrientationPortrait UIInterfaceOrientationPortraitUpsideDown UIInterfaceOrientationLandscapeLeft UIInterfaceOrientationLandscapeRight";
				INFOPLIST_KEY_UISupportedInterfaceOrientations_iPhone = "UIInterfaceOrientationPortrait UIInterfaceOrientationLandscapeLeft UIInterfaceOrientationLandscapeRight";
				LD_RUNPATH_SEARCH_PATHS = (
					"$(inherited)",
					"@executable_path/Frameworks",
				);
				MARKETING_VERSION = 1.0;
				PRODUCT_BUNDLE_IDENTIFIER = com.akaev.RickAndMorty;
				PRODUCT_NAME = "$(TARGET_NAME)";
				SWIFT_EMIT_LOC_STRINGS = YES;
				SWIFT_VERSION = 5.0;
				TARGETED_DEVICE_FAMILY = 1;
			};
			name = Release;
		};
/* End XCBuildConfiguration section */

/* Begin XCConfigurationList section */
		FD1F652B2986737500BB4F9C /* Build configuration list for PBXProject "RickAndMorty" */ = {
			isa = XCConfigurationList;
			buildConfigurations = (
				FD1F65422986737600BB4F9C /* Debug */,
				FD1F65432986737600BB4F9C /* Release */,
			);
			defaultConfigurationIsVisible = 0;
			defaultConfigurationName = Release;
		};
		FD1F65442986737600BB4F9C /* Build configuration list for PBXNativeTarget "RickAndMorty" */ = {
			isa = XCConfigurationList;
			buildConfigurations = (
				FD1F65452986737600BB4F9C /* Debug */,
				FD1F65462986737600BB4F9C /* Release */,
			);
			defaultConfigurationIsVisible = 0;
			defaultConfigurationName = Release;
		};
/* End XCConfigurationList section */

/* Begin XCRemoteSwiftPackageReference section */
		FD1F657C2986740D00BB4F9C /* XCRemoteSwiftPackageReference "Kingfisher" */ = {
			isa = XCRemoteSwiftPackageReference;
			repositoryURL = "https://github.com/onevcat/Kingfisher.git";
			requirement = {
				branch = master;
				kind = branch;
			};
		};
/* End XCRemoteSwiftPackageReference section */

/* Begin XCSwiftPackageProductDependency section */
		FD1F657D2986740D00BB4F9C /* Kingfisher */ = {
			isa = XCSwiftPackageProductDependency;
			package = FD1F657C2986740D00BB4F9C /* XCRemoteSwiftPackageReference "Kingfisher" */;
			productName = Kingfisher;
		};
/* End XCSwiftPackageProductDependency section */
	};
	rootObject = FD1F65282986737500BB4F9C /* Project object */;
}
